
Microsoft Visual Studio Solution File, Format Version 12.00
# Visual Studio Version 17
VisualStudioVersion = 17.7.34031.279
MinimumVisualStudioVersion = 10.0.40219.1
Project("{FAE04EC0-301F-11D3-BF4B-00C04F79EFBC}") = "DataStructure_Stack", "DataStructure_Stack\DataStructure_Stack.csproj", "{47626F26-BEB0-454F-BDC9-C0448AC45675}"
EndProject
Project("{FAE04EC0-301F-11D3-BF4B-00C04F79EFBC}") = "StackLibrary", "StackLibrary\StackLibrary.csproj", "{5751E8CD-0684-45CC-A77E-40134D3A1235}"
EndProject
Global
	GlobalSection(SolutionConfigurationPlatforms) = preSolution
		Debug|Any CPU = Debug|Any CPU
		Release|Any CPU = Release|Any CPU
	EndGlobalSection
	GlobalSection(ProjectConfigurationPlatforms) = postSolution
		{47626F26-BEB0-454F-BDC9-C0448AC45675}.Debug|Any CPU.ActiveCfg = Debug|Any CPU
		{47626F26-BEB0-454F-BDC9-C0448AC45675}.Debug|Any CPU.Build.0 = Debug|Any CPU
		{47626F26-BEB0-454F-BDC9-C0448AC45675}.Release|Any CPU.ActiveCfg = Release|Any CPU
		{47626F26-BEB0-454F-BDC9-C0448AC45675}.Release|Any CPU.Build.0 = Release|Any CPU
		{5751E8CD-0684-45CC-A77E-40134D3A1235}.Debug|Any CPU.ActiveCfg = Debug|Any CPU
		{5751E8CD-0684-45CC-A77E-40134D3A1235}.Debug|Any CPU.Build.0 = Debug|Any CPU
		{5751E8CD-0684-45CC-A77E-40134D3A1235}.Release|Any CPU.ActiveCfg = Release|Any CPU
		{5751E8CD-0684-45CC-A77E-40134D3A1235}.Release|Any CPU.Build.0 = Release|Any CPU
	EndGlobalSection
	GlobalSection(SolutionProperties) = preSolution
		HideSolutionNode = FALSE
	EndGlobalSection
	GlobalSection(ExtensibilityGlobals) = postSolution
		SolutionGuid = {24F31406-6403-4FDC-9973-4664CDE39426}
	EndGlobalSection
EndGlobal
